
Microsoft Visual Studio Solution File, Format Version 12.00
# Visual Studio 2013
VisualStudioVersion = 12.0.31101.0
MinimumVisualStudioVersion = 10.0.40219.1
Project("{FAE04EC0-301F-11D3-BF4B-00C04F79EFBC}") = "JeisonAdarme.WSIntegration", "JeisonAdarme.WSIntegration\JeisonAdarme.WSIntegration.csproj", "{0363479D-B191-4C00-BC95-DB5F5D4A6015}"
EndProject
Project("{FAE04EC0-301F-11D3-BF4B-00C04F79EFBC}") = "JeisonAdarme.UI", "JeisonAdarme.UI\JeisonAdarme.UI.csproj", "{064BD3BD-EA0E-4ECF-ADDB-F60F8C213C4D}"
EndProject
Project("{FAE04EC0-301F-11D3-BF4B-00C04F79EFBC}") = "JeisonAdarme.BLL", "JeisonAdarme.BLL\JeisonAdarme.BLL.csproj", "{90BCFDA6-7D30-40B0-9C2F-4272D95EC0FF}"
EndProject
Project("{00D1A9C2-B5F0-4AF3-8072-F6C62B433612}") = "JeisonAdarme.DataBase", "JeisonAdarme.DataBase\JeisonAdarme.DataBase.sqlproj", "{FA247376-9265-4A9F-AE62-F6966186374A}"
EndProject
Project("{FAE04EC0-301F-11D3-BF4B-00C04F79EFBC}") = "JeisonAdarme.IOS", "JeisonAdarme.IOS\JeisonAdarme.IOS.csproj", "{E31DAD3A-288E-4E12-807E-E66D0C8BDBFF}"
EndProject
Global
	GlobalSection(SolutionConfigurationPlatforms) = preSolution
		Ad-Hoc|Any CPU = Ad-Hoc|Any CPU
		Ad-Hoc|iPhone = Ad-Hoc|iPhone
		Ad-Hoc|iPhoneSimulator = Ad-Hoc|iPhoneSimulator
		Ad-Hoc|Mixed Platforms = Ad-Hoc|Mixed Platforms
		AppStore|Any CPU = AppStore|Any CPU
		AppStore|iPhone = AppStore|iPhone
		AppStore|iPhoneSimulator = AppStore|iPhoneSimulator
		AppStore|Mixed Platforms = AppStore|Mixed Platforms
		Debug|Any CPU = Debug|Any CPU
		Debug|iPhone = Debug|iPhone
		Debug|iPhoneSimulator = Debug|iPhoneSimulator
		Debug|Mixed Platforms = Debug|Mixed Platforms
		Release|Any CPU = Release|Any CPU
		Release|iPhone = Release|iPhone
		Release|iPhoneSimulator = Release|iPhoneSimulator
		Release|Mixed Platforms = Release|Mixed Platforms
	EndGlobalSection
	GlobalSection(ProjectConfigurationPlatforms) = postSolution
		{0363479D-B191-4C00-BC95-DB5F5D4A6015}.Ad-Hoc|Any CPU.ActiveCfg = Release|Any CPU
		{0363479D-B191-4C00-BC95-DB5F5D4A6015}.Ad-Hoc|Any CPU.Build.0 = Release|Any CPU
		{0363479D-B191-4C00-BC95-DB5F5D4A6015}.Ad-Hoc|iPhone.ActiveCfg = Release|Any CPU
		{0363479D-B191-4C00-BC95-DB5F5D4A6015}.Ad-Hoc|iPhoneSimulator.ActiveCfg = Release|Any CPU
		{0363479D-B191-4C00-BC95-DB5F5D4A6015}.Ad-Hoc|Mixed Platforms.ActiveCfg = Release|Any CPU
		{0363479D-B191-4C00-BC95-DB5F5D4A6015}.Ad-Hoc|Mixed Platforms.Build.0 = Release|Any CPU
		{0363479D-B191-4C00-BC95-DB5F5D4A6015}.AppStore|Any CPU.ActiveCfg = Release|Any CPU
		{0363479D-B191-4C00-BC95-DB5F5D4A6015}.AppStore|Any CPU.Build.0 = Release|Any CPU
		{0363479D-B191-4C00-BC95-DB5F5D4A6015}.AppStore|iPhone.ActiveCfg = Release|Any CPU
		{0363479D-B191-4C00-BC95-DB5F5D4A6015}.AppStore|iPhoneSimulator.ActiveCfg = Release|Any CPU
		{0363479D-B191-4C00-BC95-DB5F5D4A6015}.AppStore|Mixed Platforms.ActiveCfg = Release|Any CPU
		{0363479D-B191-4C00-BC95-DB5F5D4A6015}.AppStore|Mixed Platforms.Build.0 = Release|Any CPU
		{0363479D-B191-4C00-BC95-DB5F5D4A6015}.Debug|Any CPU.ActiveCfg = Debug|Any CPU
		{0363479D-B191-4C00-BC95-DB5F5D4A6015}.Debug|Any CPU.Build.0 = Debug|Any CPU
		{0363479D-B191-4C00-BC95-DB5F5D4A6015}.Debug|iPhone.ActiveCfg = Debug|Any CPU
		{0363479D-B191-4C00-BC95-DB5F5D4A6015}.Debug|iPhoneSimulator.ActiveCfg = Debug|Any CPU
		{0363479D-B191-4C00-BC95-DB5F5D4A6015}.Debug|Mixed Platforms.ActiveCfg = Debug|Any CPU
		{0363479D-B191-4C00-BC95-DB5F5D4A6015}.Debug|Mixed Platforms.Build.0 = Debug|Any CPU
		{0363479D-B191-4C00-BC95-DB5F5D4A6015}.Release|Any CPU.ActiveCfg = Release|Any CPU
		{0363479D-B191-4C00-BC95-DB5F5D4A6015}.Release|Any CPU.Build.0 = Release|Any CPU
		{0363479D-B191-4C00-BC95-DB5F5D4A6015}.Release|iPhone.ActiveCfg = Release|Any CPU
		{0363479D-B191-4C00-BC95-DB5F5D4A6015}.Release|iPhoneSimulator.ActiveCfg = Release|Any CPU
		{0363479D-B191-4C00-BC95-DB5F5D4A6015}.Release|Mixed Platforms.ActiveCfg = Release|Any CPU
		{0363479D-B191-4C00-BC95-DB5F5D4A6015}.Release|Mixed Platforms.Build.0 = Release|Any CPU
		{064BD3BD-EA0E-4ECF-ADDB-F60F8C213C4D}.Ad-Hoc|Any CPU.ActiveCfg = Release|Any CPU
		{064BD3BD-EA0E-4ECF-ADDB-F60F8C213C4D}.Ad-Hoc|Any CPU.Build.0 = Release|Any CPU
		{064BD3BD-EA0E-4ECF-ADDB-F60F8C213C4D}.Ad-Hoc|iPhone.ActiveCfg = Release|Any CPU
		{064BD3BD-EA0E-4ECF-ADDB-F60F8C213C4D}.Ad-Hoc|iPhoneSimulator.ActiveCfg = Release|Any CPU
		{064BD3BD-EA0E-4ECF-ADDB-F60F8C213C4D}.Ad-Hoc|Mixed Platforms.ActiveCfg = Release|Any CPU
		{064BD3BD-EA0E-4ECF-ADDB-F60F8C213C4D}.Ad-Hoc|Mixed Platforms.Build.0 = Release|Any CPU
		{064BD3BD-EA0E-4ECF-ADDB-F60F8C213C4D}.AppStore|Any CPU.ActiveCfg = Release|Any CPU
		{064BD3BD-EA0E-4ECF-ADDB-F60F8C213C4D}.AppStore|Any CPU.Build.0 = Release|Any CPU
		{064BD3BD-EA0E-4ECF-ADDB-F60F8C213C4D}.AppStore|iPhone.ActiveCfg = Release|Any CPU
		{064BD3BD-EA0E-4ECF-ADDB-F60F8C213C4D}.AppStore|iPhoneSimulator.ActiveCfg = Release|Any CPU
		{064BD3BD-EA0E-4ECF-ADDB-F60F8C213C4D}.AppStore|Mixed Platforms.ActiveCfg = Release|Any CPU
		{064BD3BD-EA0E-4ECF-ADDB-F60F8C213C4D}.AppStore|Mixed Platforms.Build.0 = Release|Any CPU
		{064BD3BD-EA0E-4ECF-ADDB-F60F8C213C4D}.Debug|Any CPU.ActiveCfg = Debug|Any CPU
		{064BD3BD-EA0E-4ECF-ADDB-F60F8C213C4D}.Debug|Any CPU.Build.0 = Debug|Any CPU
		{064BD3BD-EA0E-4ECF-ADDB-F60F8C213C4D}.Debug|iPhone.ActiveCfg = Debug|Any CPU
		{064BD3BD-EA0E-4ECF-ADDB-F60F8C213C4D}.Debug|iPhoneSimulator.ActiveCfg = Debug|Any CPU
		{064BD3BD-EA0E-4ECF-ADDB-F60F8C213C4D}.Debug|Mixed Platforms.ActiveCfg = Debug|Any CPU
		{064BD3BD-EA0E-4ECF-ADDB-F60F8C213C4D}.Debug|Mixed Platforms.Build.0 = Debug|Any CPU
		{064BD3BD-EA0E-4ECF-ADDB-F60F8C213C4D}.Release|Any CPU.ActiveCfg = Release|Any CPU
		{064BD3BD-EA0E-4ECF-ADDB-F60F8C213C4D}.Release|Any CPU.Build.0 = Release|Any CPU
		{064BD3BD-EA0E-4ECF-ADDB-F60F8C213C4D}.Release|iPhone.ActiveCfg = Release|Any CPU
		{064BD3BD-EA0E-4ECF-ADDB-F60F8C213C4D}.Release|iPhoneSimulator.ActiveCfg = Release|Any CPU
		{064BD3BD-EA0E-4ECF-ADDB-F60F8C213C4D}.Release|Mixed Platforms.ActiveCfg = Release|Any CPU
		{064BD3BD-EA0E-4ECF-ADDB-F60F8C213C4D}.Release|Mixed Platforms.Build.0 = Release|Any CPU
		{90BCFDA6-7D30-40B0-9C2F-4272D95EC0FF}.Ad-Hoc|Any CPU.ActiveCfg = Release|Any CPU
		{90BCFDA6-7D30-40B0-9C2F-4272D95EC0FF}.Ad-Hoc|Any CPU.Build.0 = Release|Any CPU
		{90BCFDA6-7D30-40B0-9C2F-4272D95EC0FF}.Ad-Hoc|iPhone.ActiveCfg = Release|Any CPU
		{90BCFDA6-7D30-40B0-9C2F-4272D95EC0FF}.Ad-Hoc|iPhoneSimulator.ActiveCfg = Release|Any CPU
		{90BCFDA6-7D30-40B0-9C2F-4272D95EC0FF}.Ad-Hoc|Mixed Platforms.ActiveCfg = Release|Any CPU
		{90BCFDA6-7D30-40B0-9C2F-4272D95EC0FF}.Ad-Hoc|Mixed Platforms.Build.0 = Release|Any CPU
		{90BCFDA6-7D30-40B0-9C2F-4272D95EC0FF}.AppStore|Any CPU.ActiveCfg = Release|Any CPU
		{90BCFDA6-7D30-40B0-9C2F-4272D95EC0FF}.AppStore|Any CPU.Build.0 = Release|Any CPU
		{90BCFDA6-7D30-40B0-9C2F-4272D95EC0FF}.AppStore|iPhone.ActiveCfg = Release|Any CPU
		{90BCFDA6-7D30-40B0-9C2F-4272D95EC0FF}.AppStore|iPhoneSimulator.ActiveCfg = Release|Any CPU
		{90BCFDA6-7D30-40B0-9C2F-4272D95EC0FF}.AppStore|Mixed Platforms.ActiveCfg = Release|Any CPU
		{90BCFDA6-7D30-40B0-9C2F-4272D95EC0FF}.AppStore|Mixed Platforms.Build.0 = Release|Any CPU
		{90BCFDA6-7D30-40B0-9C2F-4272D95EC0FF}.Debug|Any CPU.ActiveCfg = Debug|Any CPU
		{90BCFDA6-7D30-40B0-9C2F-4272D95EC0FF}.Debug|Any CPU.Build.0 = Debug|Any CPU
		{90BCFDA6-7D30-40B0-9C2F-4272D95EC0FF}.Debug|iPhone.ActiveCfg = Debug|Any CPU
		{90BCFDA6-7D30-40B0-9C2F-4272D95EC0FF}.Debug|iPhoneSimulator.ActiveCfg = Debug|Any CPU
		{90BCFDA6-7D30-40B0-9C2F-4272D95EC0FF}.Debug|Mixed Platforms.ActiveCfg = Debug|Any CPU
		{90BCFDA6-7D30-40B0-9C2F-4272D95EC0FF}.Debug|Mixed Platforms.Build.0 = Debug|Any CPU
		{90BCFDA6-7D30-40B0-9C2F-4272D95EC0FF}.Release|Any CPU.ActiveCfg = Release|Any CPU
		{90BCFDA6-7D30-40B0-9C2F-4272D95EC0FF}.Release|Any CPU.Build.0 = Release|Any CPU
		{90BCFDA6-7D30-40B0-9C2F-4272D95EC0FF}.Release|iPhone.ActiveCfg = Release|Any CPU
		{90BCFDA6-7D30-40B0-9C2F-4272D95EC0FF}.Release|iPhoneSimulator.ActiveCfg = Release|Any CPU
		{90BCFDA6-7D30-40B0-9C2F-4272D95EC0FF}.Release|Mixed Platforms.ActiveCfg = Release|Any CPU
		{90BCFDA6-7D30-40B0-9C2F-4272D95EC0FF}.Release|Mixed Platforms.Build.0 = Release|Any CPU
		{FA247376-9265-4A9F-AE62-F6966186374A}.Ad-Hoc|Any CPU.ActiveCfg = Release|Any CPU
		{FA247376-9265-4A9F-AE62-F6966186374A}.Ad-Hoc|Any CPU.Build.0 = Release|Any CPU
		{FA247376-9265-4A9F-AE62-F6966186374A}.Ad-Hoc|Any CPU.Deploy.0 = Release|Any CPU
		{FA247376-9265-4A9F-AE62-F6966186374A}.Ad-Hoc|iPhone.ActiveCfg = Release|Any CPU
		{FA247376-9265-4A9F-AE62-F6966186374A}.Ad-Hoc|iPhoneSimulator.ActiveCfg = Release|Any CPU
		{FA247376-9265-4A9F-AE62-F6966186374A}.Ad-Hoc|Mixed Platforms.ActiveCfg = Release|Any CPU
		{FA247376-9265-4A9F-AE62-F6966186374A}.Ad-Hoc|Mixed Platforms.Build.0 = Release|Any CPU
		{FA247376-9265-4A9F-AE62-F6966186374A}.Ad-Hoc|Mixed Platforms.Deploy.0 = Release|Any CPU
		{FA247376-9265-4A9F-AE62-F6966186374A}.AppStore|Any CPU.ActiveCfg = Release|Any CPU
		{FA247376-9265-4A9F-AE62-F6966186374A}.AppStore|Any CPU.Build.0 = Release|Any CPU
		{FA247376-9265-4A9F-AE62-F6966186374A}.AppStore|Any CPU.Deploy.0 = Release|Any CPU
		{FA247376-9265-4A9F-AE62-F6966186374A}.AppStore|iPhone.ActiveCfg = Release|Any CPU
		{FA247376-9265-4A9F-AE62-F6966186374A}.AppStore|iPhoneSimulator.ActiveCfg = Release|Any CPU
		{FA247376-9265-4A9F-AE62-F6966186374A}.AppStore|Mixed Platforms.ActiveCfg = Release|Any CPU
		{FA247376-9265-4A9F-AE62-F6966186374A}.AppStore|Mixed Platforms.Build.0 = Release|Any CPU
		{FA247376-9265-4A9F-AE62-F6966186374A}.AppStore|Mixed Platforms.Deploy.0 = Release|Any CPU
		{FA247376-9265-4A9F-AE62-F6966186374A}.Debug|Any CPU.ActiveCfg = Debug|Any CPU
		{FA247376-9265-4A9F-AE62-F6966186374A}.Debug|Any CPU.Build.0 = Debug|Any CPU
		{FA247376-9265-4A9F-AE62-F6966186374A}.Debug|Any CPU.Deploy.0 = Debug|Any CPU
		{FA247376-9265-4A9F-AE62-F6966186374A}.Debug|iPhone.ActiveCfg = Debug|Any CPU
		{FA247376-9265-4A9F-AE62-F6966186374A}.Debug|iPhoneSimulator.ActiveCfg = Debug|Any CPU
		{FA247376-9265-4A9F-AE62-F6966186374A}.Debug|Mixed Platforms.ActiveCfg = Debug|Any CPU
		{FA247376-9265-4A9F-AE62-F6966186374A}.Debug|Mixed Platforms.Build.0 = Debug|Any CPU
		{FA247376-9265-4A9F-AE62-F6966186374A}.Debug|Mixed Platforms.Deploy.0 = Debug|Any CPU
		{FA247376-9265-4A9F-AE62-F6966186374A}.Release|Any CPU.ActiveCfg = Release|Any CPU
		{FA247376-9265-4A9F-AE62-F6966186374A}.Release|Any CPU.Build.0 = Release|Any CPU
		{FA247376-9265-4A9F-AE62-F6966186374A}.Release|Any CPU.Deploy.0 = Release|Any CPU
		{FA247376-9265-4A9F-AE62-F6966186374A}.Release|iPhone.ActiveCfg = Release|Any CPU
		{FA247376-9265-4A9F-AE62-F6966186374A}.Release|iPhoneSimulator.ActiveCfg = Release|Any CPU
		{FA247376-9265-4A9F-AE62-F6966186374A}.Release|Mixed Platforms.ActiveCfg = Release|Any CPU
		{FA247376-9265-4A9F-AE62-F6966186374A}.Release|Mixed Platforms.Build.0 = Release|Any CPU
		{FA247376-9265-4A9F-AE62-F6966186374A}.Release|Mixed Platforms.Deploy.0 = Release|Any CPU
		{E31DAD3A-288E-4E12-807E-E66D0C8BDBFF}.Ad-Hoc|Any CPU.ActiveCfg = Ad-Hoc|iPhone
		{E31DAD3A-288E-4E12-807E-E66D0C8BDBFF}.Ad-Hoc|iPhone.ActiveCfg = Ad-Hoc|iPhone
		{E31DAD3A-288E-4E12-807E-E66D0C8BDBFF}.Ad-Hoc|iPhone.Build.0 = Ad-Hoc|iPhone
		{E31DAD3A-288E-4E12-807E-E66D0C8BDBFF}.Ad-Hoc|iPhoneSimulator.ActiveCfg = Ad-Hoc|iPhoneSimulator
		{E31DAD3A-288E-4E12-807E-E66D0C8BDBFF}.Ad-Hoc|iPhoneSimulator.Build.0 = Ad-Hoc|iPhoneSimulator
		{E31DAD3A-288E-4E12-807E-E66D0C8BDBFF}.Ad-Hoc|Mixed Platforms.ActiveCfg = Ad-Hoc|iPhone
		{E31DAD3A-288E-4E12-807E-E66D0C8BDBFF}.Ad-Hoc|Mixed Platforms.Build.0 = Ad-Hoc|iPhone
		{E31DAD3A-288E-4E12-807E-E66D0C8BDBFF}.AppStore|Any CPU.ActiveCfg = AppStore|iPhone
		{E31DAD3A-288E-4E12-807E-E66D0C8BDBFF}.AppStore|iPhone.ActiveCfg = AppStore|iPhone
		{E31DAD3A-288E-4E12-807E-E66D0C8BDBFF}.AppStore|iPhone.Build.0 = AppStore|iPhone
		{E31DAD3A-288E-4E12-807E-E66D0C8BDBFF}.AppStore|iPhoneSimulator.ActiveCfg = AppStore|iPhoneSimulator
		{E31DAD3A-288E-4E12-807E-E66D0C8BDBFF}.AppStore|iPhoneSimulator.Build.0 = AppStore|iPhoneSimulator
		{E31DAD3A-288E-4E12-807E-E66D0C8BDBFF}.AppStore|Mixed Platforms.ActiveCfg = AppStore|iPhone
		{E31DAD3A-288E-4E12-807E-E66D0C8BDBFF}.AppStore|Mixed Platforms.Build.0 = AppStore|iPhone
		{E31DAD3A-288E-4E12-807E-E66D0C8BDBFF}.Debug|Any CPU.ActiveCfg = Debug|iPhone
		{E31DAD3A-288E-4E12-807E-E66D0C8BDBFF}.Debug|iPhone.ActiveCfg = Debug|iPhone
		{E31DAD3A-288E-4E12-807E-E66D0C8BDBFF}.Debug|iPhone.Build.0 = Debug|iPhone
		{E31DAD3A-288E-4E12-807E-E66D0C8BDBFF}.Debug|iPhoneSimulator.ActiveCfg = Debug|iPhoneSimulator
		{E31DAD3A-288E-4E12-807E-E66D0C8BDBFF}.Debug|iPhoneSimulator.Build.0 = Debug|iPhoneSimulator
		{E31DAD3A-288E-4E12-807E-E66D0C8BDBFF}.Debug|Mixed Platforms.ActiveCfg = Debug|iPhone
		{E31DAD3A-288E-4E12-807E-E66D0C8BDBFF}.Debug|Mixed Platforms.Build.0 = Debug|iPhone
		{E31DAD3A-288E-4E12-807E-E66D0C8BDBFF}.Release|Any CPU.ActiveCfg = Release|iPhone
		{E31DAD3A-288E-4E12-807E-E66D0C8BDBFF}.Release|iPhone.ActiveCfg = Release|iPhone
		{E31DAD3A-288E-4E12-807E-E66D0C8BDBFF}.Release|iPhone.Build.0 = Release|iPhone
		{E31DAD3A-288E-4E12-807E-E66D0C8BDBFF}.Release|iPhoneSimulator.ActiveCfg = Release|iPhoneSimulator
		{E31DAD3A-288E-4E12-807E-E66D0C8BDBFF}.Release|iPhoneSimulator.Build.0 = Release|iPhoneSimulator
		{E31DAD3A-288E-4E12-807E-E66D0C8BDBFF}.Release|Mixed Platforms.ActiveCfg = Release|iPhone
		{E31DAD3A-288E-4E12-807E-E66D0C8BDBFF}.Release|Mixed Platforms.Build.0 = Release|iPhone
	EndGlobalSection
	GlobalSection(SolutionProperties) = preSolution
		HideSolutionNode = FALSE
	EndGlobalSection
EndGlobal
